
Microsoft Visual Studio Solution File, Format Version 12.00
# Visual Studio Version 17
VisualStudioVersion = 17.9.34728.123
MinimumVisualStudioVersion = 10.0.40219.1
Project("{9A19103F-16F7-4668-BE54-9A1E7A4F7556}") = "Base.API", "Backend-Base\Base.API.csproj", "{36D7131A-0F19-4767-A980-07B742A4A1C5}"
EndProject
Project("{9A19103F-16F7-4668-BE54-9A1E7A4F7556}") = "Base.Application.Services", "Base.Application.Services\Base.Application.Services.csproj", "{17CA80E2-A6C2-4A6B-B8F8-67A0BE07DBC8}"
EndProject
Project("{9A19103F-16F7-4668-BE54-9A1E7A4F7556}") = "Base.Common", "Base.Common\Base.Common.csproj", "{6547D8C7-5FE3-48DC-BF24-412B309FD668}"
EndProject
Project("{9A19103F-16F7-4668-BE54-9A1E7A4F7556}") = "Base.Domain", "Base.Domain\Base.Domain.csproj", "{94B3BF92-B0F1-48E4-BA15-0BB4C5729229}"
EndProject
Project("{9A19103F-16F7-4668-BE54-9A1E7A4F7556}") = "Base.Infraestructura.Data", "Base.Infraestructura.Datos\Base.Infraestructura.Data.csproj", "{BF91BE9D-4983-401D-8A04-937A1F973376}"
EndProject
Global
	GlobalSection(SolutionConfigurationPlatforms) = preSolution
		Debug|Any CPU = Debug|Any CPU
		Release|Any CPU = Release|Any CPU
	EndGlobalSection
	GlobalSection(ProjectConfigurationPlatforms) = postSolution
		{36D7131A-0F19-4767-A980-07B742A4A1C5}.Debug|Any CPU.ActiveCfg = Debug|Any CPU
		{36D7131A-0F19-4767-A980-07B742A4A1C5}.Debug|Any CPU.Build.0 = Debug|Any CPU
		{36D7131A-0F19-4767-A980-07B742A4A1C5}.Release|Any CPU.ActiveCfg = Release|Any CPU
		{36D7131A-0F19-4767-A980-07B742A4A1C5}.Release|Any CPU.Build.0 = Release|Any CPU
		{17CA80E2-A6C2-4A6B-B8F8-67A0BE07DBC8}.Debug|Any CPU.ActiveCfg = Debug|Any CPU
		{17CA80E2-A6C2-4A6B-B8F8-67A0BE07DBC8}.Debug|Any CPU.Build.0 = Debug|Any CPU
		{17CA80E2-A6C2-4A6B-B8F8-67A0BE07DBC8}.Release|Any CPU.ActiveCfg = Release|Any CPU
		{17CA80E2-A6C2-4A6B-B8F8-67A0BE07DBC8}.Release|Any CPU.Build.0 = Release|Any CPU
		{6547D8C7-5FE3-48DC-BF24-412B309FD668}.Debug|Any CPU.ActiveCfg = Debug|Any CPU
		{6547D8C7-5FE3-48DC-BF24-412B309FD668}.Debug|Any CPU.Build.0 = Debug|Any CPU
		{6547D8C7-5FE3-48DC-BF24-412B309FD668}.Release|Any CPU.ActiveCfg = Release|Any CPU
		{6547D8C7-5FE3-48DC-BF24-412B309FD668}.Release|Any CPU.Build.0 = Release|Any CPU
		{94B3BF92-B0F1-48E4-BA15-0BB4C5729229}.Debug|Any CPU.ActiveCfg = Debug|Any CPU
		{94B3BF92-B0F1-48E4-BA15-0BB4C5729229}.Debug|Any CPU.Build.0 = Debug|Any CPU
		{94B3BF92-B0F1-48E4-BA15-0BB4C5729229}.Release|Any CPU.ActiveCfg = Release|Any CPU
		{94B3BF92-B0F1-48E4-BA15-0BB4C5729229}.Release|Any CPU.Build.0 = Release|Any CPU
		{BF91BE9D-4983-401D-8A04-937A1F973376}.Debug|Any CPU.ActiveCfg = Debug|Any CPU
		{BF91BE9D-4983-401D-8A04-937A1F973376}.Debug|Any CPU.Build.0 = Debug|Any CPU
		{BF91BE9D-4983-401D-8A04-937A1F973376}.Release|Any CPU.ActiveCfg = Release|Any CPU
		{BF91BE9D-4983-401D-8A04-937A1F973376}.Release|Any CPU.Build.0 = Release|Any CPU
	EndGlobalSection
	GlobalSection(SolutionProperties) = preSolution
		HideSolutionNode = FALSE
	EndGlobalSection
	GlobalSection(ExtensibilityGlobals) = postSolution
		SolutionGuid = {0A0E4606-70D9-4CAC-8680-CE70393DADBF}
	EndGlobalSection
EndGlobal
